// !$*UTF8*$!
{
	archiveVersion = 1;
	classes = {
	};
	objectVersion = 50;
	objects = {

/* Begin PBXBuildFile section */
		41178832216AB84E00649E2C /* ProfileViewController.swift in Sources */ = {isa = PBXBuildFile; fileRef = 41178831216AB84E00649E2C /* ProfileViewController.swift */; };
		412688FF216FE96500296E21 /* UIImageExtension.swift in Sources */ = {isa = PBXBuildFile; fileRef = 412688FE216FE96500296E21 /* UIImageExtension.swift */; };
		41D4CB9B216A9B950004C62A /* RoundedImage.swift in Sources */ = {isa = PBXBuildFile; fileRef = 41D4CB9A216A9B950004C62A /* RoundedImage.swift */; };
		41E0A61B2142728B00CF468C /* AppDelegate.swift in Sources */ = {isa = PBXBuildFile; fileRef = 41E0A61A2142728B00CF468C /* AppDelegate.swift */; };
		41E0A61D2142728B00CF468C /* RegisterViewController.swift in Sources */ = {isa = PBXBuildFile; fileRef = 41E0A61C2142728B00CF468C /* RegisterViewController.swift */; };
		41E0A6202142728B00CF468C /* Main.storyboard in Resources */ = {isa = PBXBuildFile; fileRef = 41E0A61E2142728B00CF468C /* Main.storyboard */; };
		41E0A6222142728E00CF468C /* Assets.xcassets in Resources */ = {isa = PBXBuildFile; fileRef = 41E0A6212142728E00CF468C /* Assets.xcassets */; };
		41E0A6252142728E00CF468C /* LaunchScreen.storyboard in Resources */ = {isa = PBXBuildFile; fileRef = 41E0A6232142728E00CF468C /* LaunchScreen.storyboard */; };
		41E0A62E21427ADC00CF468C /* UIViewControllerExtensions.swift in Sources */ = {isa = PBXBuildFile; fileRef = 41E0A62D21427ADB00CF468C /* UIViewControllerExtensions.swift */; };
		41E0A633214317C900CF468C /* GoogleService-Info.plist in Resources */ = {isa = PBXBuildFile; fileRef = 41E0A632214317C900CF468C /* GoogleService-Info.plist */; };
		41E0A63721431D5200CF468C /* AppUser.swift in Sources */ = {isa = PBXBuildFile; fileRef = 41E0A63621431D5200CF468C /* AppUser.swift */; };
		41E0A63921432C0F00CF468C /* FirUserService.swift in Sources */ = {isa = PBXBuildFile; fileRef = 41E0A63821432C0F00CF468C /* FirUserService.swift */; };
		41E0A63C21433CBF00CF468C /* Constants.swift in Sources */ = {isa = PBXBuildFile; fileRef = 41E0A63B21433CBF00CF468C /* Constants.swift */; };
		F99689BFA50BCBBC5A7EDCD3 /* Pods_IMyWhattsApp.framework in Frameworks */ = {isa = PBXBuildFile; fileRef = 92D9D8AAFC3E0533EE556EF9 /* Pods_IMyWhattsApp.framework */; };
/* End PBXBuildFile section */

/* Begin PBXFileReference section */
		196CF7440C163FC8A079BD8F /* Pods-IMyWhattsApp.release.xcconfig */ = {isa = PBXFileReference; includeInIndex = 1; lastKnownFileType = text.xcconfig; name = "Pods-IMyWhattsApp.release.xcconfig"; path = "Pods/Target Support Files/Pods-IMyWhattsApp/Pods-IMyWhattsApp.release.xcconfig"; sourceTree = "<group>"; };
		41178831216AB84E00649E2C /* ProfileViewController.swift */ = {isa = PBXFileReference; lastKnownFileType = sourcecode.swift; path = ProfileViewController.swift; sourceTree = "<group>"; };
		412688FE216FE96500296E21 /* UIImageExtension.swift */ = {isa = PBXFileReference; lastKnownFileType = sourcecode.swift; path = UIImageExtension.swift; sourceTree = "<group>"; };
		41D4CB9A216A9B950004C62A /* RoundedImage.swift */ = {isa = PBXFileReference; lastKnownFileType = sourcecode.swift; path = RoundedImage.swift; sourceTree = "<group>"; };
		41E0A6172142728B00CF468C /* IMyWhattsApp.app */ = {isa = PBXFileReference; explicitFileType = wrapper.application; includeInIndex = 0; path = IMyWhattsApp.app; sourceTree = BUILT_PRODUCTS_DIR; };
		41E0A61A2142728B00CF468C /* AppDelegate.swift */ = {isa = PBXFileReference; lastKnownFileType = sourcecode.swift; path = AppDelegate.swift; sourceTree = "<group>"; };
		41E0A61C2142728B00CF468C /* RegisterViewController.swift */ = {isa = PBXFileReference; lastKnownFileType = sourcecode.swift; path = RegisterViewController.swift; sourceTree = "<group>"; };
		41E0A61F2142728B00CF468C /* Base */ = {isa = PBXFileReference; lastKnownFileType = file.storyboard; name = Base; path = Base.lproj/Main.storyboard; sourceTree = "<group>"; };
		41E0A6212142728E00CF468C /* Assets.xcassets */ = {isa = PBXFileReference; lastKnownFileType = folder.assetcatalog; path = Assets.xcassets; sourceTree = "<group>"; };
		41E0A6242142728E00CF468C /* Base */ = {isa = PBXFileReference; lastKnownFileType = file.storyboard; name = Base; path = Base.lproj/LaunchScreen.storyboard; sourceTree = "<group>"; };
		41E0A6262142728E00CF468C /* Info.plist */ = {isa = PBXFileReference; lastKnownFileType = text.plist.xml; path = Info.plist; sourceTree = "<group>"; };
		41E0A62D21427ADB00CF468C /* UIViewControllerExtensions.swift */ = {isa = PBXFileReference; lastKnownFileType = sourcecode.swift; path = UIViewControllerExtensions.swift; sourceTree = "<group>"; };
		41E0A632214317C900CF468C /* GoogleService-Info.plist */ = {isa = PBXFileReference; fileEncoding = 4; lastKnownFileType = text.plist.xml; path = "GoogleService-Info.plist"; sourceTree = "<group>"; };
		41E0A63621431D5200CF468C /* AppUser.swift */ = {isa = PBXFileReference; lastKnownFileType = sourcecode.swift; path = AppUser.swift; sourceTree = "<group>"; };
		41E0A63821432C0F00CF468C /* FirUserService.swift */ = {isa = PBXFileReference; lastKnownFileType = sourcecode.swift; path = FirUserService.swift; sourceTree = "<group>"; };
		41E0A63B21433CBF00CF468C /* Constants.swift */ = {isa = PBXFileReference; lastKnownFileType = sourcecode.swift; path = Constants.swift; sourceTree = "<group>"; };
		92D9D8AAFC3E0533EE556EF9 /* Pods_IMyWhattsApp.framework */ = {isa = PBXFileReference; explicitFileType = wrapper.framework; includeInIndex = 0; path = Pods_IMyWhattsApp.framework; sourceTree = BUILT_PRODUCTS_DIR; };
		A736190D574ACEA87D2C4EAE /* Pods-IMyWhattsApp.debug.xcconfig */ = {isa = PBXFileReference; includeInIndex = 1; lastKnownFileType = text.xcconfig; name = "Pods-IMyWhattsApp.debug.xcconfig"; path = "Pods/Target Support Files/Pods-IMyWhattsApp/Pods-IMyWhattsApp.debug.xcconfig"; sourceTree = "<group>"; };
/* End PBXFileReference section */

/* Begin PBXFrameworksBuildPhase section */
		41E0A6142142728B00CF468C /* Frameworks */ = {
			isa = PBXFrameworksBuildPhase;
			buildActionMask = 2147483647;
			files = (
				F99689BFA50BCBBC5A7EDCD3 /* Pods_IMyWhattsApp.framework in Frameworks */,
			);
			runOnlyForDeploymentPostprocessing = 0;
		};
/* End PBXFrameworksBuildPhase section */

/* Begin PBXGroup section */
		41D4CB99216A9B7F0004C62A /* views */ = {
			isa = PBXGroup;
			children = (
				41D4CB9A216A9B950004C62A /* RoundedImage.swift */,
			);
			path = views;
			sourceTree = "<group>";
		};
		41E0A60E2142728B00CF468C = {
			isa = PBXGroup;
			children = (
				41E0A6192142728B00CF468C /* IMyWhattsApp */,
				41E0A6182142728B00CF468C /* Products */,
				7A540D4495DC02CF6D2C614B /* Pods */,
				F38E12AA73998BF9BD650050 /* Frameworks */,
			);
			sourceTree = "<group>";
		};
		41E0A6182142728B00CF468C /* Products */ = {
			isa = PBXGroup;
			children = (
				41E0A6172142728B00CF468C /* IMyWhattsApp.app */,
			);
			name = Products;
			sourceTree = "<group>";
		};
		41E0A6192142728B00CF468C /* IMyWhattsApp */ = {
			isa = PBXGroup;
			children = (
				41D4CB99216A9B7F0004C62A /* views */,
				41E0A63A21433CA900CF468C /* helpers */,
				41E0A63521431D3D00CF468C /* services */,
				41E0A63421431D3600CF468C /* models */,
				41E0A61A2142728B00CF468C /* AppDelegate.swift */,
				41E0A62C21427ABC00CF468C /* extensions */,
				41E0A63121430B0100CF468C /* controllers */,
				41E0A61E2142728B00CF468C /* Main.storyboard */,
				41E0A6212142728E00CF468C /* Assets.xcassets */,
				41E0A6232142728E00CF468C /* LaunchScreen.storyboard */,
				41E0A6262142728E00CF468C /* Info.plist */,
				41E0A632214317C900CF468C /* GoogleService-Info.plist */,
			);
			path = IMyWhattsApp;
			sourceTree = "<group>";
		};
		41E0A62C21427ABC00CF468C /* extensions */ = {
			isa = PBXGroup;
			children = (
				41E0A62D21427ADB00CF468C /* UIViewControllerExtensions.swift */,
				412688FE216FE96500296E21 /* UIImageExtension.swift */,
			);
			path = extensions;
			sourceTree = "<group>";
		};
		41E0A63121430B0100CF468C /* controllers */ = {
			isa = PBXGroup;
			children = (
				41E0A61C2142728B00CF468C /* RegisterViewController.swift */,
				41178831216AB84E00649E2C /* ProfileViewController.swift */,
			);
			path = controllers;
			sourceTree = "<group>";
		};
		41E0A63421431D3600CF468C /* models */ = {
			isa = PBXGroup;
			children = (
				41E0A63621431D5200CF468C /* AppUser.swift */,
			);
			path = models;
			sourceTree = "<group>";
		};
		41E0A63521431D3D00CF468C /* services */ = {
			isa = PBXGroup;
			children = (
				41E0A63821432C0F00CF468C /* FirUserService.swift */,
			);
			path = services;
			sourceTree = "<group>";
		};
		41E0A63A21433CA900CF468C /* helpers */ = {
			isa = PBXGroup;
			children = (
				41E0A63B21433CBF00CF468C /* Constants.swift */,
			);
			path = helpers;
			sourceTree = "<group>";
		};
		7A540D4495DC02CF6D2C614B /* Pods */ = {
			isa = PBXGroup;
			children = (
				A736190D574ACEA87D2C4EAE /* Pods-IMyWhattsApp.debug.xcconfig */,
				196CF7440C163FC8A079BD8F /* Pods-IMyWhattsApp.release.xcconfig */,
			);
			name = Pods;
			sourceTree = "<group>";
		};
		F38E12AA73998BF9BD650050 /* Frameworks */ = {
			isa = PBXGroup;
			children = (
				92D9D8AAFC3E0533EE556EF9 /* Pods_IMyWhattsApp.framework */,
			);
			name = Frameworks;
			sourceTree = "<group>";
		};
/* End PBXGroup section */

/* Begin PBXNativeTarget section */
		41E0A6162142728B00CF468C /* IMyWhattsApp */ = {
			isa = PBXNativeTarget;
			buildConfigurationList = 41E0A6292142728E00CF468C /* Build configuration list for PBXNativeTarget "IMyWhattsApp" */;
			buildPhases = (
				37AAB1FD7EDBA7015B146A5E /* [CP] Check Pods Manifest.lock */,
				41E0A6132142728B00CF468C /* Sources */,
				41E0A6142142728B00CF468C /* Frameworks */,
				41E0A6152142728B00CF468C /* Resources */,
				A3E041AC80D0E23D19B201DA /* [CP] Embed Pods Frameworks */,
			);
			buildRules = (
			);
			dependencies = (
			);
			name = IMyWhattsApp;
			productName = IMyWhattsApp;
			productReference = 41E0A6172142728B00CF468C /* IMyWhattsApp.app */;
			productType = "com.apple.product-type.application";
		};
/* End PBXNativeTarget section */

/* Begin PBXProject section */
		41E0A60F2142728B00CF468C /* Project object */ = {
			isa = PBXProject;
			attributes = {
				LastSwiftUpdateCheck = 0940;
				LastUpgradeCheck = 0940;
				ORGANIZATIONNAME = "Ali Akkawi";
				TargetAttributes = {
					41E0A6162142728B00CF468C = {
						CreatedOnToolsVersion = 9.4.1;
					};
				};
			};
			buildConfigurationList = 41E0A6122142728B00CF468C /* Build configuration list for PBXProject "IMyWhattsApp" */;
			compatibilityVersion = "Xcode 9.3";
			developmentRegion = en;
			hasScannedForEncodings = 0;
			knownRegions = (
				en,
				Base,
			);
			mainGroup = 41E0A60E2142728B00CF468C;
			productRefGroup = 41E0A6182142728B00CF468C /* Products */;
			projectDirPath = "";
			projectRoot = "";
			targets = (
				41E0A6162142728B00CF468C /* IMyWhattsApp */,
			);
		};
/* End PBXProject section */

/* Begin PBXResourcesBuildPhase section */
		41E0A6152142728B00CF468C /* Resources */ = {
			isa = PBXResourcesBuildPhase;
			buildActionMask = 2147483647;
			files = (
				41E0A6252142728E00CF468C /* LaunchScreen.storyboard in Resources */,
				41E0A633214317C900CF468C /* GoogleService-Info.plist in Resources */,
				41E0A6222142728E00CF468C /* Assets.xcassets in Resources */,
				41E0A6202142728B00CF468C /* Main.storyboard in Resources */,
			);
			runOnlyForDeploymentPostprocessing = 0;
		};
/* End PBXResourcesBuildPhase section */

/* Begin PBXShellScriptBuildPhase section */
		37AAB1FD7EDBA7015B146A5E /* [CP] Check Pods Manifest.lock */ = {
			isa = PBXShellScriptBuildPhase;
			buildActionMask = 2147483647;
			files = (
			);
			inputPaths = (
				"${PODS_PODFILE_DIR_PATH}/Podfile.lock",
				"${PODS_ROOT}/Manifest.lock",
			);
			name = "[CP] Check Pods Manifest.lock";
			outputPaths = (
				"$(DERIVED_FILE_DIR)/Pods-IMyWhattsApp-checkManifestLockResult.txt",
			);
			runOnlyForDeploymentPostprocessing = 0;
			shellPath = /bin/sh;
			shellScript = "diff \"${PODS_PODFILE_DIR_PATH}/Podfile.lock\" \"${PODS_ROOT}/Manifest.lock\" > /dev/null\nif [ $? != 0 ] ; then\n    # print error to STDERR\n    echo \"error: The sandbox is not in sync with the Podfile.lock. Run 'pod install' or update your CocoaPods installation.\" >&2\n    exit 1\nfi\n# This output is used by Xcode 'outputs' to avoid re-running this script phase.\necho \"SUCCESS\" > \"${SCRIPT_OUTPUT_FILE_0}\"\n";
			showEnvVarsInLog = 0;
		};
		A3E041AC80D0E23D19B201DA /* [CP] Embed Pods Frameworks */ = {
			isa = PBXShellScriptBuildPhase;
			buildActionMask = 2147483647;
			files = (
			);
			inputPaths = (
				"${SRCROOT}/Pods/Target Support Files/Pods-IMyWhattsApp/Pods-IMyWhattsApp-frameworks.sh",
				"${BUILT_PRODUCTS_DIR}/BoringSSL/openssl.framework",
				"${BUILT_PRODUCTS_DIR}/GTMSessionFetcher/GTMSessionFetcher.framework",
				"${BUILT_PRODUCTS_DIR}/GoogleUtilities/GoogleUtilities.framework",
				"${BUILT_PRODUCTS_DIR}/IQAudioRecorderController/IQAudioRecorderController.framework",
				"${BUILT_PRODUCTS_DIR}/JDropDownAlert/JDropDownAlert.framework",
				"${BUILT_PRODUCTS_DIR}/JGProgressHUD/JGProgressHUD.framework",
				"${BUILT_PRODUCTS_DIR}/JSQMessagesViewController/JSQMessagesViewController.framework",
				"${BUILT_PRODUCTS_DIR}/JSQSystemSoundPlayer/JSQSystemSoundPlayer.framework",
				"${BUILT_PRODUCTS_DIR}/Protobuf/Protobuf.framework",
				"${BUILT_PRODUCTS_DIR}/SCSiriWaveformView/SCSiriWaveformView.framework",
				"${BUILT_PRODUCTS_DIR}/SDWebImage/SDWebImage.framework",
				"${BUILT_PRODUCTS_DIR}/gRPC/GRPCClient.framework",
				"${BUILT_PRODUCTS_DIR}/gRPC-Core/grpc.framework",
				"${BUILT_PRODUCTS_DIR}/gRPC-ProtoRPC/ProtoRPC.framework",
				"${BUILT_PRODUCTS_DIR}/gRPC-RxLibrary/RxLibrary.framework",
				"${BUILT_PRODUCTS_DIR}/leveldb-library/leveldb.framework",
				"${BUILT_PRODUCTS_DIR}/nanopb/nanopb.framework",
			);
			name = "[CP] Embed Pods Frameworks";
			outputPaths = (
				"${TARGET_BUILD_DIR}/${FRAMEWORKS_FOLDER_PATH}/openssl.framework",
				"${TARGET_BUILD_DIR}/${FRAMEWORKS_FOLDER_PATH}/GTMSessionFetcher.framework",
				"${TARGET_BUILD_DIR}/${FRAMEWORKS_FOLDER_PATH}/GoogleUtilities.framework",
				"${TARGET_BUILD_DIR}/${FRAMEWORKS_FOLDER_PATH}/IQAudioRecorderController.framework",
				"${TARGET_BUILD_DIR}/${FRAMEWORKS_FOLDER_PATH}/JDropDownAlert.framework",
				"${TARGET_BUILD_DIR}/${FRAMEWORKS_FOLDER_PATH}/JGProgressHUD.framework",
				"${TARGET_BUILD_DIR}/${FRAMEWORKS_FOLDER_PATH}/JSQMessagesViewController.framework",
				"${TARGET_BUILD_DIR}/${FRAMEWORKS_FOLDER_PATH}/JSQSystemSoundPlayer.framework",
				"${TARGET_BUILD_DIR}/${FRAMEWORKS_FOLDER_PATH}/Protobuf.framework",
				"${TARGET_BUILD_DIR}/${FRAMEWORKS_FOLDER_PATH}/SCSiriWaveformView.framework",
				"${TARGET_BUILD_DIR}/${FRAMEWORKS_FOLDER_PATH}/SDWebImage.framework",
				"${TARGET_BUILD_DIR}/${FRAMEWORKS_FOLDER_PATH}/GRPCClient.framework",
				"${TARGET_BUILD_DIR}/${FRAMEWORKS_FOLDER_PATH}/grpc.framework",
				"${TARGET_BUILD_DIR}/${FRAMEWORKS_FOLDER_PATH}/ProtoRPC.framework",
				"${TARGET_BUILD_DIR}/${FRAMEWORKS_FOLDER_PATH}/RxLibrary.framework",
				"${TARGET_BUILD_DIR}/${FRAMEWORKS_FOLDER_PATH}/leveldb.framework",
				"${TARGET_BUILD_DIR}/${FRAMEWORKS_FOLDER_PATH}/nanopb.framework",
			);
			runOnlyForDeploymentPostprocessing = 0;
			shellPath = /bin/sh;
			shellScript = "\"${SRCROOT}/Pods/Target Support Files/Pods-IMyWhattsApp/Pods-IMyWhattsApp-frameworks.sh\"\n";
			showEnvVarsInLog = 0;
		};
/* End PBXShellScriptBuildPhase section */

/* Begin PBXSourcesBuildPhase section */
		41E0A6132142728B00CF468C /* Sources */ = {
			isa = PBXSourcesBuildPhase;
			buildActionMask = 2147483647;
			files = (
				41E0A63921432C0F00CF468C /* FirUserService.swift in Sources */,
				41E0A63721431D5200CF468C /* AppUser.swift in Sources */,
				41D4CB9B216A9B950004C62A /* RoundedImage.swift in Sources */,
				41E0A61D2142728B00CF468C /* RegisterViewController.swift in Sources */,
				41E0A62E21427ADC00CF468C /* UIViewControllerExtensions.swift in Sources */,
				412688FF216FE96500296E21 /* UIImageExtension.swift in Sources */,
				41E0A61B2142728B00CF468C /* AppDelegate.swift in Sources */,
				41178832216AB84E00649E2C /* ProfileViewController.swift in Sources */,
				41E0A63C21433CBF00CF468C /* Constants.swift in Sources */,
			);
			runOnlyForDeploymentPostprocessing = 0;
		};
/* End PBXSourcesBuildPhase section */

/* Begin PBXVariantGroup section */
		41E0A61E2142728B00CF468C /* Main.storyboard */ = {
			isa = PBXVariantGroup;
			children = (
				41E0A61F2142728B00CF468C /* Base */,
			);
			name = Main.storyboard;
			sourceTree = "<group>";
		};
		41E0A6232142728E00CF468C /* LaunchScreen.storyboard */ = {
			isa = PBXVariantGroup;
			children = (
				41E0A6242142728E00CF468C /* Base */,
			);
			name = LaunchScreen.storyboard;
			sourceTree = "<group>";
		};
/* End PBXVariantGroup section */

/* Begin XCBuildConfiguration section */
		41E0A6272142728E00CF468C /* Debug */ = {
			isa = XCBuildConfiguration;
			buildSettings = {
				ALWAYS_SEARCH_USER_PATHS = NO;
				CLANG_ANALYZER_NONNULL = YES;
				CLANG_ANALYZER_NUMBER_OBJECT_CONVERSION = YES_AGGRESSIVE;
				CLANG_CXX_LANGUAGE_STANDARD = "gnu++14";
				CLANG_CXX_LIBRARY = "libc++";
				CLANG_ENABLE_MODULES = YES;
				CLANG_ENABLE_OBJC_ARC = YES;
				CLANG_ENABLE_OBJC_WEAK = YES;
				CLANG_WARN_BLOCK_CAPTURE_AUTORELEASING = YES;
				CLANG_WARN_BOOL_CONVERSION = YES;
				CLANG_WARN_COMMA = YES;
				CLANG_WARN_CONSTANT_CONVERSION = YES;
				CLANG_WARN_DEPRECATED_OBJC_IMPLEMENTATIONS = YES;
				CLANG_WARN_DIRECT_OBJC_ISA_USAGE = YES_ERROR;
				CLANG_WARN_DOCUMENTATION_COMMENTS = YES;
				CLANG_WARN_EMPTY_BODY = YES;
				CLANG_WARN_ENUM_CONVERSION = YES;
				CLANG_WARN_INFINITE_RECURSION = YES;
				CLANG_WARN_INT_CONVERSION = YES;
				CLANG_WARN_NON_LITERAL_NULL_CONVERSION = YES;
				CLANG_WARN_OBJC_IMPLICIT_RETAIN_SELF = YES;
				CLANG_WARN_OBJC_LITERAL_CONVERSION = YES;
				CLANG_WARN_OBJC_ROOT_CLASS = YES_ERROR;
				CLANG_WARN_RANGE_LOOP_ANALYSIS = YES;
				CLANG_WARN_STRICT_PROTOTYPES = YES;
				CLANG_WARN_SUSPICIOUS_MOVE = YES;
				CLANG_WARN_UNGUARDED_AVAILABILITY = YES_AGGRESSIVE;
				CLANG_WARN_UNREACHABLE_CODE = YES;
				CLANG_WARN__DUPLICATE_METHOD_MATCH = YES;
				CODE_SIGN_IDENTITY = "iPhone Developer";
				COPY_PHASE_STRIP = NO;
				DEBUG_INFORMATION_FORMAT = dwarf;
				ENABLE_STRICT_OBJC_MSGSEND = YES;
				ENABLE_TESTABILITY = YES;
				GCC_C_LANGUAGE_STANDARD = gnu11;
				GCC_DYNAMIC_NO_PIC = NO;
				GCC_NO_COMMON_BLOCKS = YES;
				GCC_OPTIMIZATION_LEVEL = 0;
				GCC_PREPROCESSOR_DEFINITIONS = (
					"DEBUG=1",
					"$(inherited)",
				);
				GCC_WARN_64_TO_32_BIT_CONVERSION = YES;
				GCC_WARN_ABOUT_RETURN_TYPE = YES_ERROR;
				GCC_WARN_UNDECLARED_SELECTOR = YES;
				GCC_WARN_UNINITIALIZED_AUTOS = YES_AGGRESSIVE;
				GCC_WARN_UNUSED_FUNCTION = YES;
				GCC_WARN_UNUSED_VARIABLE = YES;
				IPHONEOS_DEPLOYMENT_TARGET = 11.4;
				MTL_ENABLE_DEBUG_INFO = YES;
				ONLY_ACTIVE_ARCH = YES;
				SDKROOT = iphoneos;
				SWIFT_ACTIVE_COMPILATION_CONDITIONS = DEBUG;
				SWIFT_OPTIMIZATION_LEVEL = "-Onone";
			};
			name = Debug;
		};
		41E0A6282142728E00CF468C /* Release */ = {
			isa = XCBuildConfiguration;
			buildSettings = {
				ALWAYS_SEARCH_USER_PATHS = NO;
				CLANG_ANALYZER_NONNULL = YES;
				CLANG_ANALYZER_NUMBER_OBJECT_CONVERSION = YES_AGGRESSIVE;
				CLANG_CXX_LANGUAGE_STANDARD = "gnu++14";
				CLANG_CXX_LIBRARY = "libc++";
				CLANG_ENABLE_MODULES = YES;
				CLANG_ENABLE_OBJC_ARC = YES;
				CLANG_ENABLE_OBJC_WEAK = YES;
				CLANG_WARN_BLOCK_CAPTURE_AUTORELEASING = YES;
				CLANG_WARN_BOOL_CONVERSION = YES;
				CLANG_WARN_COMMA = YES;
				CLANG_WARN_CONSTANT_CONVERSION = YES;
				CLANG_WARN_DEPRECATED_OBJC_IMPLEMENTATIONS = YES;
				CLANG_WARN_DIRECT_OBJC_ISA_USAGE = YES_ERROR;
				CLANG_WARN_DOCUMENTATION_COMMENTS = YES;
				CLANG_WARN_EMPTY_BODY = YES;
				CLANG_WARN_ENUM_CONVERSION = YES;
				CLANG_WARN_INFINITE_RECURSION = YES;
				CLANG_WARN_INT_CONVERSION = YES;
				CLANG_WARN_NON_LITERAL_NULL_CONVERSION = YES;
				CLANG_WARN_OBJC_IMPLICIT_RETAIN_SELF = YES;
				CLANG_WARN_OBJC_LITERAL_CONVERSION = YES;
				CLANG_WARN_OBJC_ROOT_CLASS = YES_ERROR;
				CLANG_WARN_RANGE_LOOP_ANALYSIS = YES;
				CLANG_WARN_STRICT_PROTOTYPES = YES;
				CLANG_WARN_SUSPICIOUS_MOVE = YES;
				CLANG_WARN_UNGUARDED_AVAILABILITY = YES_AGGRESSIVE;
				CLANG_WARN_UNREACHABLE_CODE = YES;
				CLANG_WARN__DUPLICATE_METHOD_MATCH = YES;
				CODE_SIGN_IDENTITY = "iPhone Developer";
				COPY_PHASE_STRIP = NO;
				DEBUG_INFORMATION_FORMAT = "dwarf-with-dsym";
				ENABLE_NS_ASSERTIONS = NO;
				ENABLE_STRICT_OBJC_MSGSEND = YES;
				GCC_C_LANGUAGE_STANDARD = gnu11;
				GCC_NO_COMMON_BLOCKS = YES;
				GCC_WARN_64_TO_32_BIT_CONVERSION = YES;
				GCC_WARN_ABOUT_RETURN_TYPE = YES_ERROR;
				GCC_WARN_UNDECLARED_SELECTOR = YES;
				GCC_WARN_UNINITIALIZED_AUTOS = YES_AGGRESSIVE;
				GCC_WARN_UNUSED_FUNCTION = YES;
				GCC_WARN_UNUSED_VARIABLE = YES;
				IPHONEOS_DEPLOYMENT_TARGET = 11.4;
				MTL_ENABLE_DEBUG_INFO = NO;
				SDKROOT = iphoneos;
				SWIFT_COMPILATION_MODE = wholemodule;
				SWIFT_OPTIMIZATION_LEVEL = "-O";
				VALIDATE_PRODUCT = YES;
			};
			name = Release;
		};
		41E0A62A2142728E00CF468C /* Debug */ = {
			isa = XCBuildConfiguration;
			baseConfigurationReference = A736190D574ACEA87D2C4EAE /* Pods-IMyWhattsApp.debug.xcconfig */;
			buildSettings = {
				ASSETCATALOG_COMPILER_APPICON_NAME = AppIcon;
				CODE_SIGN_STYLE = Automatic;
				DEVELOPMENT_TEAM = 9UV9M77CF6;
				INFOPLIST_FILE = IMyWhattsApp/Info.plist;
				LD_RUNPATH_SEARCH_PATHS = (
					"$(inherited)",
					"@executable_path/Frameworks",
				);
				PRODUCT_BUNDLE_IDENTIFIER = com.aliakkawi.85.IMyWhattsApp;
				PRODUCT_NAME = "$(TARGET_NAME)";
				SWIFT_VERSION = 4.0;
				TARGETED_DEVICE_FAMILY = "1,2";
			};
			name = Debug;
		};
		41E0A62B2142728E00CF468C /* Release */ = {
			isa = XCBuildConfiguration;
			baseConfigurationReference = 196CF7440C163FC8A079BD8F /* Pods-IMyWhattsApp.release.xcconfig */;
			buildSettings = {
				ASSETCATALOG_COMPILER_APPICON_NAME = AppIcon;
				CODE_SIGN_STYLE = Automatic;
				DEVELOPMENT_TEAM = 9UV9M77CF6;
				INFOPLIST_FILE = IMyWhattsApp/Info.plist;
				LD_RUNPATH_SEARCH_PATHS = (
					"$(inherited)",
					"@executable_path/Frameworks",
				);
				PRODUCT_BUNDLE_IDENTIFIER = com.aliakkawi.85.IMyWhattsApp;
				PRODUCT_NAME = "$(TARGET_NAME)";
				SWIFT_VERSION = 4.0;
				TARGETED_DEVICE_FAMILY = "1,2";
			};
			name = Release;
		};
/* End XCBuildConfiguration section */

/* Begin XCConfigurationList section */
		41E0A6122142728B00CF468C /* Build configuration list for PBXProject "IMyWhattsApp" */ = {
			isa = XCConfigurationList;
			buildConfigurations = (
				41E0A6272142728E00CF468C /* Debug */,
				41E0A6282142728E00CF468C /* Release */,
			);
			defaultConfigurationIsVisible = 0;
			defaultConfigurationName = Release;
		};
		41E0A6292142728E00CF468C /* Build configuration list for PBXNativeTarget "IMyWhattsApp" */ = {
			isa = XCConfigurationList;
			buildConfigurations = (
				41E0A62A2142728E00CF468C /* Debug */,
				41E0A62B2142728E00CF468C /* Release */,
			);
			defaultConfigurationIsVisible = 0;
			defaultConfigurationName = Release;
		};
/* End XCConfigurationList section */
	};
	rootObject = 41E0A60F2142728B00CF468C /* Project object */;
}
